// !$*UTF8*$!
{
	archiveVersion = 1;
	classes = {
	};
	objectVersion = 50;
	objects = {

/* Begin PBXBuildFile section */
		13BDC4B42385D28600158E16 /* AppDelegate.swift in Sources */ = {isa = PBXBuildFile; fileRef = 13BDC4B32385D28600158E16 /* AppDelegate.swift */; };
		13BDC4B62385D28600158E16 /* SceneDelegate.swift in Sources */ = {isa = PBXBuildFile; fileRef = 13BDC4B52385D28600158E16 /* SceneDelegate.swift */; };
		13BDC4B82385D28600158E16 /* ViewController.swift in Sources */ = {isa = PBXBuildFile; fileRef = 13BDC4B72385D28600158E16 /* ViewController.swift */; };
		13BDC4BB2385D28600158E16 /* Main.storyboard in Resources */ = {isa = PBXBuildFile; fileRef = 13BDC4B92385D28600158E16 /* Main.storyboard */; };
		13BDC4BD2385D28700158E16 /* Assets.xcassets in Resources */ = {isa = PBXBuildFile; fileRef = 13BDC4BC2385D28700158E16 /* Assets.xcassets */; };
		13BDC4C02385D28700158E16 /* LaunchScreen.storyboard in Resources */ = {isa = PBXBuildFile; fileRef = 13BDC4BE2385D28700158E16 /* LaunchScreen.storyboard */; };
/* End PBXBuildFile section */

/* Begin PBXFileReference section */
		13BDC4B02385D28600158E16 /* Nihar_Patel_BarrieTransport.app */ = {isa = PBXFileReference; explicitFileType = wrapper.application; includeInIndex = 0; path = Nihar_Patel_BarrieTransport.app; sourceTree = BUILT_PRODUCTS_DIR; };
		13BDC4B32385D28600158E16 /* AppDelegate.swift */ = {isa = PBXFileReference; lastKnownFileType = sourcecode.swift; path = AppDelegate.swift; sourceTree = "<group>"; };
		13BDC4B52385D28600158E16 /* SceneDelegate.swift */ = {isa = PBXFileReference; lastKnownFileType = sourcecode.swift; path = SceneDelegate.swift; sourceTree = "<group>"; };
		13BDC4B72385D28600158E16 /* ViewController.swift */ = {isa = PBXFileReference; lastKnownFileType = sourcecode.swift; path = ViewController.swift; sourceTree = "<group>"; };
		13BDC4BA2385D28600158E16 /* Base */ = {isa = PBXFileReference; lastKnownFileType = file.storyboard; name = Base; path = Base.lproj/Main.storyboard; sourceTree = "<group>"; };
		13BDC4BC2385D28700158E16 /* Assets.xcassets */ = {isa = PBXFileReference; lastKnownFileType = folder.assetcatalog; path = Assets.xcassets; sourceTree = "<group>"; };
		13BDC4BF2385D28700158E16 /* Base */ = {isa = PBXFileReference; lastKnownFileType = file.storyboard; name = Base; path = Base.lproj/LaunchScreen.storyboard; sourceTree = "<group>"; };
		13BDC4C12385D28700158E16 /* Info.plist */ = {isa = PBXFileReference; lastKnownFileType = text.plist.xml; path = Info.plist; sourceTree = "<group>"; };
/* End PBXFileReference section */

/* Begin PBXFrameworksBuildPhase section */
		13BDC4AD2385D28600158E16 /* Frameworks */ = {
			isa = PBXFrameworksBuildPhase;
			buildActionMask = 2147483647;
			files = (
			);
			runOnlyForDeploymentPostprocessing = 0;
		};
/* End PBXFrameworksBuildPhase section */

/* Begin PBXGroup section */
		13BDC4A72385D28600158E16 = {
			isa = PBXGroup;
			children = (
				13BDC4B22385D28600158E16 /* Nihar_Patel_BarrieTransport */,
				13BDC4B12385D28600158E16 /* Products */,
			);
			sourceTree = "<group>";
		};
		13BDC4B12385D28600158E16 /* Products */ = {
			isa = PBXGroup;
			children = (
				13BDC4B02385D28600158E16 /* Nihar_Patel_BarrieTransport.app */,
			);
			name = Products;
			sourceTree = "<group>";
		};
		13BDC4B22385D28600158E16 /* Nihar_Patel_BarrieTransport */ = {
			isa = PBXGroup;
			children = (
				13BDC4B32385D28600158E16 /* AppDelegate.swift */,
				13BDC4B52385D28600158E16 /* SceneDelegate.swift */,
				13BDC4B72385D28600158E16 /* ViewController.swift */,
				13BDC4B92385D28600158E16 /* Main.storyboard */,
				13BDC4BC2385D28700158E16 /* Assets.xcassets */,
				13BDC4BE2385D28700158E16 /* LaunchScreen.storyboard */,
				13BDC4C12385D28700158E16 /* Info.plist */,
			);
			path = Nihar_Patel_BarrieTransport;
			sourceTree = "<group>";
		};
/* End PBXGroup section */

/* Begin PBXNativeTarget section */
		13BDC4AF2385D28600158E16 /* Nihar_Patel_BarrieTransport */ = {
			isa = PBXNativeTarget;
			buildConfigurationList = 13BDC4C42385D28700158E16 /* Build configuration list for PBXNativeTarget "Nihar_Patel_BarrieTransport" */;
			buildPhases = (
				13BDC4AC2385D28600158E16 /* Sources */,
				13BDC4AD2385D28600158E16 /* Frameworks */,
				13BDC4AE2385D28600158E16 /* Resources */,
			);
			buildRules = (
			);
			dependencies = (
			);
			name = Nihar_Patel_BarrieTransport;
			productName = Nihar_Patel_BarrieTransport;
			productReference = 13BDC4B02385D28600158E16 /* Nihar_Patel_BarrieTransport.app */;
			productType = "com.apple.product-type.application";
		};
/* End PBXNativeTarget section */

/* Begin PBXProject section */
		13BDC4A82385D28600158E16 /* Project object */ = {
			isa = PBXProject;
			attributes = {
				LastSwiftUpdateCheck = 1120;
				LastUpgradeCheck = 1120;
				ORGANIZATIONNAME = "Nihar Patel";
				TargetAttributes = {
					13BDC4AF2385D28600158E16 = {
						CreatedOnToolsVersion = 11.2.1;
					};
				};
			};
			buildConfigurationList = 13BDC4AB2385D28600158E16 /* Build configuration list for PBXProject "Nihar_Patel_BarrieTransport" */;
			compatibilityVersion = "Xcode 9.3";
			developmentRegion = en;
			hasScannedForEncodings = 0;
			knownRegions = (
				en,
				Base,
			);
			mainGroup = 13BDC4A72385D28600158E16;
			productRefGroup = 13BDC4B12385D28600158E16 /* Products */;
			projectDirPath = "";
			projectRoot = "";
			targets = (
				13BDC4AF2385D28600158E16 /* Nihar_Patel_BarrieTransport */,
			);
		};
/* End PBXProject section */

/* Begin PBXResourcesBuildPhase section */
		13BDC4AE2385D28600158E16 /* Resources */ = {
			isa = PBXResourcesBuildPhase;
			buildActionMask = 2147483647;
			files = (
				13BDC4C02385D28700158E16 /* LaunchScreen.storyboard in Resources */,
				13BDC4BD2385D28700158E16 /* Assets.xcassets in Resources */,
				13BDC4BB2385D28600158E16 /* Main.storyboard in Resources */,
			);
			runOnlyForDeploymentPostprocessing = 0;
		};
/* End PBXResourcesBuildPhase section */

/* Begin PBXSourcesBuildPhase section */
		13BDC4AC2385D28600158E16 /* Sources */ = {
			isa = PBXSourcesBuildPhase;
			buildActionMask = 2147483647;
			files = (
				13BDC4B82385D28600158E16 /* ViewController.swift in Sources */,
				13BDC4B42385D28600158E16 /* AppDelegate.swift in Sources */,
				13BDC4B62385D28600158E16 /* SceneDelegate.swift in Sources */,
			);
			runOnlyForDeploymentPostprocessing = 0;
		};
/* End PBXSourcesBuildPhase section */

/* Begin PBXVariantGroup section */
		13BDC4B92385D28600158E16 /* Main.storyboard */ = {
			isa = PBXVariantGroup;
			children = (
				13BDC4BA2385D28600158E16 /* Base */,
			);
			name = Main.storyboard;
			sourceTree = "<group>";
		};
		13BDC4BE2385D28700158E16 /* LaunchScreen.storyboard */ = {
			isa = PBXVariantGroup;
			children = (
				13BDC4BF2385D28700158E16 /* Base */,
			);
			name = LaunchScreen.storyboard;
			sourceTree = "<group>";
		};
/* End PBXVariantGroup section */

/* Begin XCBuildConfiguration section */
		13BDC4C22385D28700158E16 /* Debug */ = {
			isa = XCBuildConfiguration;
			buildSettings = {
				ALWAYS_SEARCH_USER_PATHS = NO;
				CLANG_ANALYZER_NONNULL = YES;
				CLANG_ANALYZER_NUMBER_OBJECT_CONVERSION = YES_AGGRESSIVE;
				CLANG_CXX_LANGUAGE_STANDARD = "gnu++14";
				CLANG_CXX_LIBRARY = "libc++";
				CLANG_ENABLE_MODULES = YES;
				CLANG_ENABLE_OBJC_ARC = YES;
				CLANG_ENABLE_OBJC_WEAK = YES;
				CLANG_WARN_BLOCK_CAPTURE_AUTORELEASING = YES;
				CLANG_WARN_BOOL_CONVERSION = YES;
				CLANG_WARN_COMMA = YES;
				CLANG_WARN_CONSTANT_CONVERSION = YES;
				CLANG_WARN_DEPRECATED_OBJC_IMPLEMENTATIONS = YES;
				CLANG_WARN_DIRECT_OBJC_ISA_USAGE = YES_ERROR;
				CLANG_WARN_DOCUMENTATION_COMMENTS = YES;
				CLANG_WARN_EMPTY_BODY = YES;
				CLANG_WARN_ENUM_CONVERSION = YES;
				CLANG_WARN_INFINITE_RECURSION = YES;
				CLANG_WARN_INT_CONVERSION = YES;
				CLANG_WARN_NON_LITERAL_NULL_CONVERSION = YES;
				CLANG_WARN_OBJC_IMPLICIT_RETAIN_SELF = YES;
				CLANG_WARN_OBJC_LITERAL_CONVERSION = YES;
				CLANG_WARN_OBJC_ROOT_CLASS = YES_ERROR;
				CLANG_WARN_RANGE_LOOP_ANALYSIS = YES;
				CLANG_WARN_STRICT_PROTOTYPES = YES;
				CLANG_WARN_SUSPICIOUS_MOVE = YES;
				CLANG_WARN_UNGUARDED_AVAILABILITY = YES_AGGRESSIVE;
				CLANG_WARN_UNREACHABLE_CODE = YES;
				CLANG_WARN__DUPLICATE_METHOD_MATCH = YES;
				COPY_PHASE_STRIP = NO;
				DEBUG_INFORMATION_FORMAT = dwarf;
				ENABLE_STRICT_OBJC_MSGSEND = YES;
				ENABLE_TESTABILITY = YES;
				GCC_C_LANGUAGE_STANDARD = gnu11;
				GCC_DYNAMIC_NO_PIC = NO;
				GCC_NO_COMMON_BLOCKS = YES;
				GCC_OPTIMIZATION_LEVEL = 0;
				GCC_PREPROCESSOR_DEFINITIONS = (
					"DEBUG=1",
					"$(inherited)",
				);
				GCC_WARN_64_TO_32_BIT_CONVERSION = YES;
				GCC_WARN_ABOUT_RETURN_TYPE = YES_ERROR;
				GCC_WARN_UNDECLARED_SELECTOR = YES;
				GCC_WARN_UNINITIALIZED_AUTOS = YES_AGGRESSIVE;
				GCC_WARN_UNUSED_FUNCTION = YES;
				GCC_WARN_UNUSED_VARIABLE = YES;
				IPHONEOS_DEPLOYMENT_TARGET = 13.2;
				MTL_ENABLE_DEBUG_INFO = INCLUDE_SOURCE;
				MTL_FAST_MATH = YES;
				ONLY_ACTIVE_ARCH = YES;
				SDKROOT = iphoneos;
				SWIFT_ACTIVE_COMPILATION_CONDITIONS = DEBUG;
				SWIFT_OPTIMIZATION_LEVEL = "-Onone";
			};
			name = Debug;
		};
		13BDC4C32385D28700158E16 /* Release */ = {
			isa = XCBuildConfiguration;
			buildSettings = {
				ALWAYS_SEARCH_USER_PATHS = NO;
				CLANG_ANALYZER_NONNULL = YES;
				CLANG_ANALYZER_NUMBER_OBJECT_CONVERSION = YES_AGGRESSIVE;
				CLANG_CXX_LANGUAGE_STANDARD = "gnu++14";
				CLANG_CXX_LIBRARY = "libc++";
				CLANG_ENABLE_MODULES = YES;
				CLANG_ENABLE_OBJC_ARC = YES;
				CLANG_ENABLE_OBJC_WEAK = YES;
				CLANG_WARN_BLOCK_CAPTURE_AUTORELEASING = YES;
				CLANG_WARN_BOOL_CONVERSION = YES;
				CLANG_WARN_COMMA = YES;
				CLANG_WARN_CONSTANT_CONVERSION = YES;
				CLANG_WARN_DEPRECATED_OBJC_IMPLEMENTATIONS = YES;
				CLANG_WARN_DIRECT_OBJC_ISA_USAGE = YES_ERROR;
				CLANG_WARN_DOCUMENTATION_COMMENTS = YES;
				CLANG_WARN_EMPTY_BODY = YES;
				CLANG_WARN_ENUM_CONVERSION = YES;
				CLANG_WARN_INFINITE_RECURSION = YES;
				CLANG_WARN_INT_CONVERSION = YES;
				CLANG_WARN_NON_LITERAL_NULL_CONVERSION = YES;
				CLANG_WARN_OBJC_IMPLICIT_RETAIN_SELF = YES;
				CLANG_WARN_OBJC_LITERAL_CONVERSION = YES;
				CLANG_WARN_OBJC_ROOT_CLASS = YES_ERROR;
				CLANG_WARN_RANGE_LOOP_ANALYSIS = YES;
				CLANG_WARN_STRICT_PROTOTYPES = YES;
				CLANG_WARN_SUSPICIOUS_MOVE = YES;
				CLANG_WARN_UNGUARDED_AVAILABILITY = YES_AGGRESSIVE;
				CLANG_WARN_UNREACHABLE_CODE = YES;
				CLANG_WARN__DUPLICATE_METHOD_MATCH = YES;
				COPY_PHASE_STRIP = NO;
				DEBUG_INFORMATION_FORMAT = "dwarf-with-dsym";
				ENABLE_NS_ASSERTIONS = NO;
				ENABLE_STRICT_OBJC_MSGSEND = YES;
				GCC_C_LANGUAGE_STANDARD = gnu11;
				GCC_NO_COMMON_BLOCKS = YES;
				GCC_WARN_64_TO_32_BIT_CONVERSION = YES;
				GCC_WARN_ABOUT_RETURN_TYPE = YES_ERROR;
				GCC_WARN_UNDECLARED_SELECTOR = YES;
				GCC_WARN_UNINITIALIZED_AUTOS = YES_AGGRESSIVE;
				GCC_WARN_UNUSED_FUNCTION = YES;
				GCC_WARN_UNUSED_VARIABLE = YES;
				IPHONEOS_DEPLOYMENT_TARGET = 13.2;
				MTL_ENABLE_DEBUG_INFO = NO;
				MTL_FAST_MATH = YES;
				SDKROOT = iphoneos;
				SWIFT_COMPILATION_MODE = wholemodule;
				SWIFT_OPTIMIZATION_LEVEL = "-O";
				VALIDATE_PRODUCT = YES;
			};
			name = Release;
		};
		13BDC4C52385D28700158E16 /* Debug */ = {
			isa = XCBuildConfiguration;
			buildSettings = {
				ASSETCATALOG_COMPILER_APPICON_NAME = AppIcon;
				CODE_SIGN_STYLE = Automatic;
				INFOPLIST_FILE = Nihar_Patel_BarrieTransport/Info.plist;
				LD_RUNPATH_SEARCH_PATHS = (
					"$(inherited)",
					"@executable_path/Frameworks",
				);
				PRODUCT_BUNDLE_IDENTIFIER = "np.Nihar-Patel-BarrieTransport";
				PRODUCT_NAME = "$(TARGET_NAME)";
				SWIFT_VERSION = 5.0;
				TARGETED_DEVICE_FAMILY = "1,2";
			};
			name = Debug;
		};
		13BDC4C62385D28700158E16 /* Release */ = {
			isa = XCBuildConfiguration;
			buildSettings = {
				ASSETCATALOG_COMPILER_APPICON_NAME = AppIcon;
				CODE_SIGN_STYLE = Automatic;
				INFOPLIST_FILE = Nihar_Patel_BarrieTransport/Info.plist;
				LD_RUNPATH_SEARCH_PATHS = (
					"$(inherited)",
					"@executable_path/Frameworks",
				);
				PRODUCT_BUNDLE_IDENTIFIER = "np.Nihar-Patel-BarrieTransport";
				PRODUCT_NAME = "$(TARGET_NAME)";
				SWIFT_VERSION = 5.0;
				TARGETED_DEVICE_FAMILY = "1,2";
			};
			name = Release;
		};
/* End XCBuildConfiguration section */

/* Begin XCConfigurationList section */
		13BDC4AB2385D28600158E16 /* Build configuration list for PBXProject "Nihar_Patel_BarrieTransport" */ = {
			isa = XCConfigurationList;
			buildConfigurations = (
				13BDC4C22385D28700158E16 /* Debug */,
				13BDC4C32385D28700158E16 /* Release */,
			);
			defaultConfigurationIsVisible = 0;
			defaultConfigurationName = Release;
		};
		13BDC4C42385D28700158E16 /* Build configuration list for PBXNativeTarget "Nihar_Patel_BarrieTransport" */ = {
			isa = XCConfigurationList;
			buildConfigurations = (
				13BDC4C52385D28700158E16 /* Debug */,
				13BDC4C62385D28700158E16 /* Release */,
			);
			defaultConfigurationIsVisible = 0;
			defaultConfigurationName = Release;
		};
/* End XCConfigurationList section */
	};
	rootObject = 13BDC4A82385D28600158E16 /* Project object */;
}
